
Microsoft Visual Studio Solution File, Format Version 12.00
# Visual Studio Version 16
VisualStudioVersion = 16.0.32901.82
MinimumVisualStudioVersion = 10.0.40219.1
Project("{FAE04EC0-301F-11D3-BF4B-00C04F79EFBC}") = "Experiment With Controls", "Experiment With Controls\Experiment With Controls.csproj", "{97D8F784-C870-4BE1-B7EB-97C8F47D25CC}"
EndProject
Global
	GlobalSection(SolutionConfigurationPlatforms) = preSolution
		Debug|Any CPU = Debug|Any CPU
		Release|Any CPU = Release|Any CPU
	EndGlobalSection
	GlobalSection(ProjectConfigurationPlatforms) = postSolution
		{97D8F784-C870-4BE1-B7EB-97C8F47D25CC}.Debug|Any CPU.ActiveCfg = Debug|Any CPU
		{97D8F784-C870-4BE1-B7EB-97C8F47D25CC}.Debug|Any CPU.Build.0 = Debug|Any CPU
		{97D8F784-C870-4BE1-B7EB-97C8F47D25CC}.Release|Any CPU.ActiveCfg = Release|Any CPU
		{97D8F784-C870-4BE1-B7EB-97C8F47D25CC}.Release|Any CPU.Build.0 = Release|Any CPU
	EndGlobalSection
	GlobalSection(SolutionProperties) = preSolution
		HideSolutionNode = FALSE
	EndGlobalSection
	GlobalSection(ExtensibilityGlobals) = postSolution
		SolutionGuid = {1BD137C9-BB19-4FC6-94D1-DCF8693EC63C}
	EndGlobalSection
EndGlobal
